// !$*UTF8*$!
{
	archiveVersion = 1;
	classes = {
	};
	objectVersion = 46;
	objects = {

/* Begin PBXBuildFile section */
		5A20A5161C0FF5D400BD896F /* main.m in Sources */ = {isa = PBXBuildFile; fileRef = 5A20A5151C0FF5D400BD896F /* main.m */; };
		5A20A51F1C0FF5D400BD896F /* Main.storyboard in Resources */ = {isa = PBXBuildFile; fileRef = 5A20A51D1C0FF5D400BD896F /* Main.storyboard */; };
		5A20A5211C0FF5D400BD896F /* Assets.xcassets in Resources */ = {isa = PBXBuildFile; fileRef = 5A20A5201C0FF5D400BD896F /* Assets.xcassets */; };
		5A20A5241C0FF5D400BD896F /* LaunchScreen.storyboard in Resources */ = {isa = PBXBuildFile; fileRef = 5A20A5221C0FF5D400BD896F /* LaunchScreen.storyboard */; };
		9280BC3FF4A764E839337D81 /* libPods.a in Frameworks */ = {isa = PBXBuildFile; fileRef = CA0AC43E5B7D7C2657E952C0 /* libPods.a */; };
		9A2965C11C2FC10F00564317 /* MXMessageCenterViewController.m in Sources */ = {isa = PBXBuildFile; fileRef = 9A2965C01C2FC10F00564317 /* MXMessageCenterViewController.m */; settings = {ASSET_TAGS = (); }; };
		9A2965C51C2FCA3B00564317 /* MXComposeViewController.m in Sources */ = {isa = PBXBuildFile; fileRef = 9A2965C41C2FCA3B00564317 /* MXComposeViewController.m */; settings = {ASSET_TAGS = (); }; };
		9A2965CA1C2FCA5400564317 /* MXDiscoverViewController.m in Sources */ = {isa = PBXBuildFile; fileRef = 9A2965C81C2FCA5400564317 /* MXDiscoverViewController.m */; settings = {ASSET_TAGS = (); }; };
		9A2965D21C2FCA7700564317 /* MXProfileViewController.m in Sources */ = {isa = PBXBuildFile; fileRef = 9A2965D11C2FCA7700564317 /* MXProfileViewController.m */; settings = {ASSET_TAGS = (); }; };
		9A71E5581C2FB92F0079AFCA /* MXTabBar.m in Sources */ = {isa = PBXBuildFile; fileRef = 9A71E5571C2FB92F0079AFCA /* MXTabBar.m */; settings = {ASSET_TAGS = (); }; };
		9A8483761C2FABA70030E7A3 /* UIView+Extension.m in Sources */ = {isa = PBXBuildFile; fileRef = 9A8483751C2FABA70030E7A3 /* UIView+Extension.m */; settings = {ASSET_TAGS = (); }; };
		9ADC577D1C1D475900E6CDBA /* MXAppDelegate.m in Sources */ = {isa = PBXBuildFile; fileRef = 9ADC57721C1D475900E6CDBA /* MXAppDelegate.m */; settings = {ASSET_TAGS = (); }; };
		9ADC57801C1D482400E6CDBA /* MXHomeViewController.m in Sources */ = {isa = PBXBuildFile; fileRef = 9ADC577F1C1D482400E6CDBA /* MXHomeViewController.m */; settings = {ASSET_TAGS = (); }; };
		9ADC57831C1D488C00E6CDBA /* MXOAuthViewController.m in Sources */ = {isa = PBXBuildFile; fileRef = 9ADC57821C1D488C00E6CDBA /* MXOAuthViewController.m */; settings = {ASSET_TAGS = (); }; };
		9ADC57861C1D48BE00E6CDBA /* MXConst.m in Sources */ = {isa = PBXBuildFile; fileRef = 9ADC57851C1D48BE00E6CDBA /* MXConst.m */; settings = {ASSET_TAGS = (); }; };
		9ADC57891C1D53A900E6CDBA /* MXHttpTool.m in Sources */ = {isa = PBXBuildFile; fileRef = 9ADC57881C1D53A900E6CDBA /* MXHttpTool.m */; settings = {ASSET_TAGS = (); }; };
		9ADC578D1C1D58F400E6CDBA /* MXAccount.m in Sources */ = {isa = PBXBuildFile; fileRef = 9ADC578C1C1D58F400E6CDBA /* MXAccount.m */; settings = {ASSET_TAGS = (); }; };
		9ADC57901C1D590800E6CDBA /* MXAccountTool.m in Sources */ = {isa = PBXBuildFile; fileRef = 9ADC578F1C1D590800E6CDBA /* MXAccountTool.m */; settings = {ASSET_TAGS = (); }; };
		9ADC57931C1D668800E6CDBA /* UIWindow+Switch.m in Sources */ = {isa = PBXBuildFile; fileRef = 9ADC57921C1D668800E6CDBA /* UIWindow+Switch.m */; settings = {ASSET_TAGS = (); }; };
		9ADC57991C1D673A00E6CDBA /* MXNewfeatureViewController.m in Sources */ = {isa = PBXBuildFile; fileRef = 9ADC57981C1D673A00E6CDBA /* MXNewfeatureViewController.m */; settings = {ASSET_TAGS = (); }; };
		9ADC579C1C1D67A600E6CDBA /* MXTabBarController.m in Sources */ = {isa = PBXBuildFile; fileRef = 9ADC579B1C1D67A600E6CDBA /* MXTabBarController.m */; settings = {ASSET_TAGS = (); }; };
		9ADC579F1C1D67C300E6CDBA /* MXNavigationController.m in Sources */ = {isa = PBXBuildFile; fileRef = 9ADC579E1C1D67C300E6CDBA /* MXNavigationController.m */; settings = {ASSET_TAGS = (); }; };
/* End PBXBuildFile section */

/* Begin PBXFileReference section */
		5A20A5111C0FF5D400BD896F /* MxWeibo.app */ = {isa = PBXFileReference; explicitFileType = wrapper.application; includeInIndex = 0; path = MxWeibo.app; sourceTree = BUILT_PRODUCTS_DIR; };
		5A20A5151C0FF5D400BD896F /* main.m */ = {isa = PBXFileReference; lastKnownFileType = sourcecode.c.objc; path = main.m; sourceTree = "<group>"; };
		5A20A51E1C0FF5D400BD896F /* Base */ = {isa = PBXFileReference; lastKnownFileType = file.storyboard; name = Base; path = Base.lproj/Main.storyboard; sourceTree = "<group>"; };
		5A20A5201C0FF5D400BD896F /* Assets.xcassets */ = {isa = PBXFileReference; lastKnownFileType = folder.assetcatalog; path = Assets.xcassets; sourceTree = "<group>"; };
		5A20A5231C0FF5D400BD896F /* Base */ = {isa = PBXFileReference; lastKnownFileType = file.storyboard; name = Base; path = Base.lproj/LaunchScreen.storyboard; sourceTree = "<group>"; };
		5A20A5251C0FF5D400BD896F /* Info.plist */ = {isa = PBXFileReference; lastKnownFileType = text.plist.xml; path = Info.plist; sourceTree = "<group>"; };
		5E2D85F2B818A5770795E485 /* Pods.debug.xcconfig */ = {isa = PBXFileReference; includeInIndex = 1; lastKnownFileType = text.xcconfig; name = Pods.debug.xcconfig; path = "Pods/Target Support Files/Pods/Pods.debug.xcconfig"; sourceTree = "<group>"; };
		9A2965BF1C2FC10F00564317 /* MXMessageCenterViewController.h */ = {isa = PBXFileReference; fileEncoding = 4; lastKnownFileType = sourcecode.c.h; path = MXMessageCenterViewController.h; sourceTree = "<group>"; };
		9A2965C01C2FC10F00564317 /* MXMessageCenterViewController.m */ = {isa = PBXFileReference; fileEncoding = 4; lastKnownFileType = sourcecode.c.objc; path = MXMessageCenterViewController.m; sourceTree = "<group>"; };
		9A2965C31C2FCA3B00564317 /* MXComposeViewController.h */ = {isa = PBXFileReference; fileEncoding = 4; lastKnownFileType = sourcecode.c.h; path = MXComposeViewController.h; sourceTree = "<group>"; };
		9A2965C41C2FCA3B00564317 /* MXComposeViewController.m */ = {isa = PBXFileReference; fileEncoding = 4; lastKnownFileType = sourcecode.c.objc; path = MXComposeViewController.m; sourceTree = "<group>"; };
		9A2965C71C2FCA5400564317 /* MXDiscoverViewController.h */ = {isa = PBXFileReference; fileEncoding = 4; lastKnownFileType = sourcecode.c.h; path = MXDiscoverViewController.h; sourceTree = "<group>"; };
		9A2965C81C2FCA5400564317 /* MXDiscoverViewController.m */ = {isa = PBXFileReference; fileEncoding = 4; lastKnownFileType = sourcecode.c.objc; path = MXDiscoverViewController.m; sourceTree = "<group>"; };
		9A2965D01C2FCA7700564317 /* MXProfileViewController.h */ = {isa = PBXFileReference; fileEncoding = 4; lastKnownFileType = sourcecode.c.h; path = MXProfileViewController.h; sourceTree = "<group>"; };
		9A2965D11C2FCA7700564317 /* MXProfileViewController.m */ = {isa = PBXFileReference; fileEncoding = 4; lastKnownFileType = sourcecode.c.objc; path = MXProfileViewController.m; sourceTree = "<group>"; };
		9A71E5561C2FB92F0079AFCA /* MXTabBar.h */ = {isa = PBXFileReference; fileEncoding = 4; lastKnownFileType = sourcecode.c.h; path = MXTabBar.h; sourceTree = "<group>"; };
		9A71E5571C2FB92F0079AFCA /* MXTabBar.m */ = {isa = PBXFileReference; fileEncoding = 4; lastKnownFileType = sourcecode.c.objc; path = MXTabBar.m; sourceTree = "<group>"; };
		9A8483741C2FABA70030E7A3 /* UIView+Extension.h */ = {isa = PBXFileReference; fileEncoding = 4; lastKnownFileType = sourcecode.c.h; path = "UIView+Extension.h"; sourceTree = "<group>"; };
		9A8483751C2FABA70030E7A3 /* UIView+Extension.m */ = {isa = PBXFileReference; fileEncoding = 4; lastKnownFileType = sourcecode.c.objc; path = "UIView+Extension.m"; sourceTree = "<group>"; };
		9ADC57711C1D475900E6CDBA /* MXAppDelegate.h */ = {isa = PBXFileReference; fileEncoding = 4; lastKnownFileType = sourcecode.c.h; path = MXAppDelegate.h; sourceTree = "<group>"; };
		9ADC57721C1D475900E6CDBA /* MXAppDelegate.m */ = {isa = PBXFileReference; fileEncoding = 4; lastKnownFileType = sourcecode.c.objc; path = MXAppDelegate.m; sourceTree = "<group>"; };
		9ADC577E1C1D482400E6CDBA /* MXHomeViewController.h */ = {isa = PBXFileReference; fileEncoding = 4; lastKnownFileType = sourcecode.c.h; path = MXHomeViewController.h; sourceTree = "<group>"; };
		9ADC577F1C1D482400E6CDBA /* MXHomeViewController.m */ = {isa = PBXFileReference; fileEncoding = 4; lastKnownFileType = sourcecode.c.objc; path = MXHomeViewController.m; sourceTree = "<group>"; };
		9ADC57811C1D488C00E6CDBA /* MXOAuthViewController.h */ = {isa = PBXFileReference; fileEncoding = 4; lastKnownFileType = sourcecode.c.h; path = MXOAuthViewController.h; sourceTree = "<group>"; };
		9ADC57821C1D488C00E6CDBA /* MXOAuthViewController.m */ = {isa = PBXFileReference; fileEncoding = 4; lastKnownFileType = sourcecode.c.objc; path = MXOAuthViewController.m; sourceTree = "<group>"; };
		9ADC57841C1D48BE00E6CDBA /* MXConst.h */ = {isa = PBXFileReference; fileEncoding = 4; lastKnownFileType = sourcecode.c.h; path = MXConst.h; sourceTree = "<group>"; };
		9ADC57851C1D48BE00E6CDBA /* MXConst.m */ = {isa = PBXFileReference; fileEncoding = 4; lastKnownFileType = sourcecode.c.objc; path = MXConst.m; sourceTree = "<group>"; };
		9ADC57871C1D53A900E6CDBA /* MXHttpTool.h */ = {isa = PBXFileReference; fileEncoding = 4; lastKnownFileType = sourcecode.c.h; path = MXHttpTool.h; sourceTree = "<group>"; };
		9ADC57881C1D53A900E6CDBA /* MXHttpTool.m */ = {isa = PBXFileReference; fileEncoding = 4; lastKnownFileType = sourcecode.c.objc; path = MXHttpTool.m; sourceTree = "<group>"; };
		9ADC578B1C1D58F400E6CDBA /* MXAccount.h */ = {isa = PBXFileReference; fileEncoding = 4; lastKnownFileType = sourcecode.c.h; path = MXAccount.h; sourceTree = "<group>"; };
		9ADC578C1C1D58F400E6CDBA /* MXAccount.m */ = {isa = PBXFileReference; fileEncoding = 4; lastKnownFileType = sourcecode.c.objc; path = MXAccount.m; sourceTree = "<group>"; };
		9ADC578E1C1D590800E6CDBA /* MXAccountTool.h */ = {isa = PBXFileReference; fileEncoding = 4; lastKnownFileType = sourcecode.c.h; path = MXAccountTool.h; sourceTree = "<group>"; };
		9ADC578F1C1D590800E6CDBA /* MXAccountTool.m */ = {isa = PBXFileReference; fileEncoding = 4; lastKnownFileType = sourcecode.c.objc; path = MXAccountTool.m; sourceTree = "<group>"; };
		9ADC57911C1D668800E6CDBA /* UIWindow+Switch.h */ = {isa = PBXFileReference; fileEncoding = 4; lastKnownFileType = sourcecode.c.h; path = "UIWindow+Switch.h"; sourceTree = "<group>"; };
		9ADC57921C1D668800E6CDBA /* UIWindow+Switch.m */ = {isa = PBXFileReference; fileEncoding = 4; lastKnownFileType = sourcecode.c.objc; path = "UIWindow+Switch.m"; sourceTree = "<group>"; };
		9ADC57971C1D673A00E6CDBA /* MXNewfeatureViewController.h */ = {isa = PBXFileReference; fileEncoding = 4; lastKnownFileType = sourcecode.c.h; path = MXNewfeatureViewController.h; sourceTree = "<group>"; };
		9ADC57981C1D673A00E6CDBA /* MXNewfeatureViewController.m */ = {isa = PBXFileReference; fileEncoding = 4; lastKnownFileType = sourcecode.c.objc; path = MXNewfeatureViewController.m; sourceTree = "<group>"; };
		9ADC579A1C1D67A600E6CDBA /* MXTabBarController.h */ = {isa = PBXFileReference; fileEncoding = 4; lastKnownFileType = sourcecode.c.h; path = MXTabBarController.h; sourceTree = "<group>"; };
		9ADC579B1C1D67A600E6CDBA /* MXTabBarController.m */ = {isa = PBXFileReference; fileEncoding = 4; lastKnownFileType = sourcecode.c.objc; path = MXTabBarController.m; sourceTree = "<group>"; };
		9ADC579D1C1D67C300E6CDBA /* MXNavigationController.h */ = {isa = PBXFileReference; fileEncoding = 4; lastKnownFileType = sourcecode.c.h; path = MXNavigationController.h; sourceTree = "<group>"; };
		9ADC579E1C1D67C300E6CDBA /* MXNavigationController.m */ = {isa = PBXFileReference; fileEncoding = 4; lastKnownFileType = sourcecode.c.objc; path = MXNavigationController.m; sourceTree = "<group>"; };
		9EAA62C7887C4F83A9BB6E14 /* Pods.release.xcconfig */ = {isa = PBXFileReference; includeInIndex = 1; lastKnownFileType = text.xcconfig; name = Pods.release.xcconfig; path = "Pods/Target Support Files/Pods/Pods.release.xcconfig"; sourceTree = "<group>"; };
		CA0AC43E5B7D7C2657E952C0 /* libPods.a */ = {isa = PBXFileReference; explicitFileType = archive.ar; includeInIndex = 0; path = libPods.a; sourceTree = BUILT_PRODUCTS_DIR; };
/* End PBXFileReference section */

/* Begin PBXFrameworksBuildPhase section */
		5A20A50E1C0FF5D400BD896F /* Frameworks */ = {
			isa = PBXFrameworksBuildPhase;
			buildActionMask = 2147483647;
			files = (
				9280BC3FF4A764E839337D81 /* libPods.a in Frameworks */,
			);
			runOnlyForDeploymentPostprocessing = 0;
		};
/* End PBXFrameworksBuildPhase section */

/* Begin PBXGroup section */
		26657B9C69A6E4AA2F055C86 /* Pods */ = {
			isa = PBXGroup;
			children = (
				5E2D85F2B818A5770795E485 /* Pods.debug.xcconfig */,
				9EAA62C7887C4F83A9BB6E14 /* Pods.release.xcconfig */,
			);
			name = Pods;
			sourceTree = "<group>";
		};
		5A20A5081C0FF5D400BD896F = {
			isa = PBXGroup;
			children = (
				5A20A5131C0FF5D400BD896F /* MxWeibo */,
				5A20A5121C0FF5D400BD896F /* Products */,
				26657B9C69A6E4AA2F055C86 /* Pods */,
				B544876678CBCF6879D4BF1F /* Frameworks */,
			);
			sourceTree = "<group>";
		};
		5A20A5121C0FF5D400BD896F /* Products */ = {
			isa = PBXGroup;
			children = (
				5A20A5111C0FF5D400BD896F /* MxWeibo.app */,
			);
			name = Products;
			sourceTree = "<group>";
		};
		5A20A5131C0FF5D400BD896F /* MxWeibo */ = {
			isa = PBXGroup;
			children = (
				9ADC57641C1D475900E6CDBA /* Classes */,
				5A20A5141C0FF5D400BD896F /* Supporting Files */,
			);
			path = MxWeibo;
			sourceTree = "<group>";
		};
		5A20A5141C0FF5D400BD896F /* Supporting Files */ = {
			isa = PBXGroup;
			children = (
				5A20A5251C0FF5D400BD896F /* Info.plist */,
				5A20A5201C0FF5D400BD896F /* Assets.xcassets */,
				5A20A5221C0FF5D400BD896F /* LaunchScreen.storyboard */,
				5A20A51D1C0FF5D400BD896F /* Main.storyboard */,
				5A20A5151C0FF5D400BD896F /* main.m */,
			);
			name = "Supporting Files";
			sourceTree = "<group>";
		};
		9A2965BC1C2FC0D900564317 /* Controller */ = {
			isa = PBXGroup;
			children = (
				9A2965BF1C2FC10F00564317 /* MXMessageCenterViewController.h */,
				9A2965C01C2FC10F00564317 /* MXMessageCenterViewController.m */,
			);
			path = Controller;
			sourceTree = "<group>";
		};
		9A2965BD1C2FC0D900564317 /* Model */ = {
			isa = PBXGroup;
			children = (
			);
			path = Model;
			sourceTree = "<group>";
		};
		9A2965BE1C2FC0D900564317 /* View */ = {
			isa = PBXGroup;
			children = (
			);
			path = View;
			sourceTree = "<group>";
		};
		9A2965C21C2FCA3B00564317 /* Controller */ = {
			isa = PBXGroup;
			children = (
				9A2965C31C2FCA3B00564317 /* MXComposeViewController.h */,
				9A2965C41C2FCA3B00564317 /* MXComposeViewController.m */,
			);
			path = Controller;
			sourceTree = "<group>";
		};
		9A2965C61C2FCA5400564317 /* Controller */ = {
			isa = PBXGroup;
			children = (
				9A2965C71C2FCA5400564317 /* MXDiscoverViewController.h */,
				9A2965C81C2FCA5400564317 /* MXDiscoverViewController.m */,
			);
			path = Controller;
			sourceTree = "<group>";
		};
		9A2965C91C2FCA5400564317 /* Model */ = {
			isa = PBXGroup;
			children = (
			);
			path = Model;
			sourceTree = "<group>";
		};
		9A2965CF1C2FCA7700564317 /* Controller */ = {
			isa = PBXGroup;
			children = (
				9A2965D01C2FCA7700564317 /* MXProfileViewController.h */,
				9A2965D11C2FCA7700564317 /* MXProfileViewController.m */,
			);
			path = Controller;
			sourceTree = "<group>";
		};
		9A71E5451C2FB7F70079AFCA /* View */ = {
			isa = PBXGroup;
			children = (
			);
			path = View;
			sourceTree = "<group>";
		};
		9A71E5471C2FB8150079AFCA /* Model */ = {
			isa = PBXGroup;
			children = (
			);
			path = Model;
			sourceTree = "<group>";
		};
		9A71E5481C2FB8150079AFCA /* View */ = {
			isa = PBXGroup;
			children = (
			);
			path = View;
			sourceTree = "<group>";
		};
		9A71E54A1C2FB8470079AFCA /* Model */ = {
			isa = PBXGroup;
			children = (
			);
			path = Model;
			sourceTree = "<group>";
		};
		9A71E54B1C2FB8470079AFCA /* View */ = {
			isa = PBXGroup;
			children = (
			);
			path = View;
			sourceTree = "<group>";
		};
		9ADC57641C1D475900E6CDBA /* Classes */ = {
			isa = PBXGroup;
			children = (
				9ADC57651C1D475900E6CDBA /* Compose */,
				9ADC57661C1D475900E6CDBA /* Discover */,
				9ADC57671C1D475900E6CDBA /* Home */,
				9ADC576B1C1D475900E6CDBA /* Main */,
				9ADC57751C1D475900E6CDBA /* MessageCenter */,
				9ADC57761C1D475900E6CDBA /* Newfeature */,
				9ADC57781C1D475900E6CDBA /* OAuth */,
				9ADC577C1C1D475900E6CDBA /* Profile */,
			);
			path = Classes;
			sourceTree = "<group>";
		};
		9ADC57651C1D475900E6CDBA /* Compose */ = {
			isa = PBXGroup;
			children = (
				9A2965C21C2FCA3B00564317 /* Controller */,
				9A71E5471C2FB8150079AFCA /* Model */,
				9A71E5481C2FB8150079AFCA /* View */,
			);
			path = Compose;
			sourceTree = "<group>";
		};
		9ADC57661C1D475900E6CDBA /* Discover */ = {
			isa = PBXGroup;
			children = (
				9A2965C61C2FCA5400564317 /* Controller */,
				9A2965C91C2FCA5400564317 /* Model */,
				9A71E5451C2FB7F70079AFCA /* View */,
			);
			path = Discover;
			sourceTree = "<group>";
		};
		9ADC57671C1D475900E6CDBA /* Home */ = {
			isa = PBXGroup;
			children = (
				9ADC57681C1D475900E6CDBA /* Controller */,
				9ADC57691C1D475900E6CDBA /* Model */,
				9ADC576A1C1D475900E6CDBA /* View */,
			);
			path = Home;
			sourceTree = "<group>";
		};
		9ADC57681C1D475900E6CDBA /* Controller */ = {
			isa = PBXGroup;
			children = (
				9ADC577E1C1D482400E6CDBA /* MXHomeViewController.h */,
				9ADC577F1C1D482400E6CDBA /* MXHomeViewController.m */,
			);
			path = Controller;
			sourceTree = "<group>";
		};
		9ADC57691C1D475900E6CDBA /* Model */ = {
			isa = PBXGroup;
			children = (
			);
			path = Model;
			sourceTree = "<group>";
		};
		9ADC576A1C1D475900E6CDBA /* View */ = {
			isa = PBXGroup;
			children = (
			);
			path = View;
			sourceTree = "<group>";
		};
		9ADC576B1C1D475900E6CDBA /* Main */ = {
			isa = PBXGroup;
			children = (
				9ADC576C1C1D475900E6CDBA /* Category */,
				9ADC576D1C1D475900E6CDBA /* Controller */,
				9ADC576E1C1D475900E6CDBA /* Lib */,
				9ADC576F1C1D475900E6CDBA /* Model */,
				9ADC57701C1D475900E6CDBA /* Other */,
				9ADC57731C1D475900E6CDBA /* Tool */,
				9ADC57741C1D475900E6CDBA /* View */,
			);
			path = Main;
			sourceTree = "<group>";
		};
		9ADC576C1C1D475900E6CDBA /* Category */ = {
			isa = PBXGroup;
			children = (
				9ADC57911C1D668800E6CDBA /* UIWindow+Switch.h */,
				9ADC57921C1D668800E6CDBA /* UIWindow+Switch.m */,
				9A8483741C2FABA70030E7A3 /* UIView+Extension.h */,
				9A8483751C2FABA70030E7A3 /* UIView+Extension.m */,
			);
			path = Category;
			sourceTree = "<group>";
		};
		9ADC576D1C1D475900E6CDBA /* Controller */ = {
			isa = PBXGroup;
			children = (
				9ADC579A1C1D67A600E6CDBA /* MXTabBarController.h */,
				9ADC579B1C1D67A600E6CDBA /* MXTabBarController.m */,
				9ADC579D1C1D67C300E6CDBA /* MXNavigationController.h */,
				9ADC579E1C1D67C300E6CDBA /* MXNavigationController.m */,
			);
			path = Controller;
			sourceTree = "<group>";
		};
		9ADC576E1C1D475900E6CDBA /* Lib */ = {
			isa = PBXGroup;
			children = (
			);
			path = Lib;
			sourceTree = "<group>";
		};
		9ADC576F1C1D475900E6CDBA /* Model */ = {
			isa = PBXGroup;
			children = (
			);
			path = Model;
			sourceTree = "<group>";
		};
		9ADC57701C1D475900E6CDBA /* Other */ = {
			isa = PBXGroup;
			children = (
				9ADC57711C1D475900E6CDBA /* MXAppDelegate.h */,
				9ADC57721C1D475900E6CDBA /* MXAppDelegate.m */,
				9ADC57841C1D48BE00E6CDBA /* MXConst.h */,
				9ADC57851C1D48BE00E6CDBA /* MXConst.m */,
			);
			path = Other;
			sourceTree = "<group>";
		};
		9ADC57731C1D475900E6CDBA /* Tool */ = {
			isa = PBXGroup;
			children = (
				9ADC57871C1D53A900E6CDBA /* MXHttpTool.h */,
				9ADC57881C1D53A900E6CDBA /* MXHttpTool.m */,
			);
			path = Tool;
			sourceTree = "<group>";
		};
		9ADC57741C1D475900E6CDBA /* View */ = {
			isa = PBXGroup;
			children = (
				9A71E5561C2FB92F0079AFCA /* MXTabBar.h */,
				9A71E5571C2FB92F0079AFCA /* MXTabBar.m */,
			);
			path = View;
			sourceTree = "<group>";
		};
		9ADC57751C1D475900E6CDBA /* MessageCenter */ = {
			isa = PBXGroup;
			children = (
				9A2965BC1C2FC0D900564317 /* Controller */,
				9A2965BD1C2FC0D900564317 /* Model */,
				9A2965BE1C2FC0D900564317 /* View */,
			);
			path = MessageCenter;
			sourceTree = "<group>";
		};
		9ADC57761C1D475900E6CDBA /* Newfeature */ = {
			isa = PBXGroup;
			children = (
				9ADC57771C1D475900E6CDBA /* Controller */,
			);
			path = Newfeature;
			sourceTree = "<group>";
		};
		9ADC57771C1D475900E6CDBA /* Controller */ = {
			isa = PBXGroup;
			children = (
				9ADC57971C1D673A00E6CDBA /* MXNewfeatureViewController.h */,
				9ADC57981C1D673A00E6CDBA /* MXNewfeatureViewController.m */,
			);
			path = Controller;
			sourceTree = "<group>";
		};
		9ADC57781C1D475900E6CDBA /* OAuth */ = {
			isa = PBXGroup;
			children = (
				9ADC578A1C1D58D200E6CDBA /* Tool */,
				9ADC577A1C1D475900E6CDBA /* Model */,
				9ADC57791C1D475900E6CDBA /* Controller */,
			);
			path = OAuth;
			sourceTree = "<group>";
		};
		9ADC57791C1D475900E6CDBA /* Controller */ = {
			isa = PBXGroup;
			children = (
				9ADC57811C1D488C00E6CDBA /* MXOAuthViewController.h */,
				9ADC57821C1D488C00E6CDBA /* MXOAuthViewController.m */,
			);
			path = Controller;
			sourceTree = "<group>";
		};
		9ADC577A1C1D475900E6CDBA /* Model */ = {
			isa = PBXGroup;
			children = (
				9ADC578B1C1D58F400E6CDBA /* MXAccount.h */,
				9ADC578C1C1D58F400E6CDBA /* MXAccount.m */,
			);
			path = Model;
			sourceTree = "<group>";
		};
		9ADC577C1C1D475900E6CDBA /* Profile */ = {
			isa = PBXGroup;
			children = (
				9A2965CF1C2FCA7700564317 /* Controller */,
				9A71E54A1C2FB8470079AFCA /* Model */,
				9A71E54B1C2FB8470079AFCA /* View */,
			);
			path = Profile;
			sourceTree = "<group>";
		};
		9ADC578A1C1D58D200E6CDBA /* Tool */ = {
			isa = PBXGroup;
			children = (
				9ADC578E1C1D590800E6CDBA /* MXAccountTool.h */,
				9ADC578F1C1D590800E6CDBA /* MXAccountTool.m */,
			);
			path = Tool;
			sourceTree = "<group>";
		};
		B544876678CBCF6879D4BF1F /* Frameworks */ = {
			isa = PBXGroup;
			children = (
				CA0AC43E5B7D7C2657E952C0 /* libPods.a */,
			);
			name = Frameworks;
			sourceTree = "<group>";
		};
/* End PBXGroup section */

/* Begin PBXNativeTarget section */
		5A20A5101C0FF5D400BD896F /* MxWeibo */ = {
			isa = PBXNativeTarget;
			buildConfigurationList = 5A20A5281C0FF5D400BD896F /* Build configuration list for PBXNativeTarget "MxWeibo" */;
			buildPhases = (
				41F00868708A0341014228FD /* Check Pods Manifest.lock */,
				5A20A50D1C0FF5D400BD896F /* Sources */,
				5A20A50E1C0FF5D400BD896F /* Frameworks */,
				5A20A50F1C0FF5D400BD896F /* Resources */,
				4811FBC43E8A63D4C70F6069 /* Embed Pods Frameworks */,
				6CE3827E3D143AC56798CDA4 /* Copy Pods Resources */,
			);
			buildRules = (
			);
			dependencies = (
			);
			name = MxWeibo;
			productName = MxWeibo;
			productReference = 5A20A5111C0FF5D400BD896F /* MxWeibo.app */;
			productType = "com.apple.product-type.application";
		};
/* End PBXNativeTarget section */

/* Begin PBXProject section */
		5A20A5091C0FF5D400BD896F /* Project object */ = {
			isa = PBXProject;
			attributes = {
				CLASSPREFIX = MX;
				LastUpgradeCheck = 0700;
				ORGANIZATIONNAME = vizz;
				TargetAttributes = {
					5A20A5101C0FF5D400BD896F = {
						CreatedOnToolsVersion = 7.0.1;
					};
				};
			};
			buildConfigurationList = 5A20A50C1C0FF5D400BD896F /* Build configuration list for PBXProject "MxWeibo" */;
			compatibilityVersion = "Xcode 3.2";
			developmentRegion = English;
			hasScannedForEncodings = 0;
			knownRegions = (
				en,
				Base,
			);
			mainGroup = 5A20A5081C0FF5D400BD896F;
			productRefGroup = 5A20A5121C0FF5D400BD896F /* Products */;
			projectDirPath = "";
			projectRoot = "";
			targets = (
				5A20A5101C0FF5D400BD896F /* MxWeibo */,
			);
		};
/* End PBXProject section */

/* Begin PBXResourcesBuildPhase section */
		5A20A50F1C0FF5D400BD896F /* Resources */ = {
			isa = PBXResourcesBuildPhase;
			buildActionMask = 2147483647;
			files = (
				5A20A5241C0FF5D400BD896F /* LaunchScreen.storyboard in Resources */,
				5A20A5211C0FF5D400BD896F /* Assets.xcassets in Resources */,
				5A20A51F1C0FF5D400BD896F /* Main.storyboard in Resources */,
			);
			runOnlyForDeploymentPostprocessing = 0;
		};
/* End PBXResourcesBuildPhase section */

/* Begin PBXShellScriptBuildPhase section */
		41F00868708A0341014228FD /* Check Pods Manifest.lock */ = {
			isa = PBXShellScriptBuildPhase;
			buildActionMask = 2147483647;
			files = (
			);
			inputPaths = (
			);
			name = "Check Pods Manifest.lock";
			outputPaths = (
			);
			runOnlyForDeploymentPostprocessing = 0;
			shellPath = /bin/sh;
			shellScript = "diff \"${PODS_ROOT}/../Podfile.lock\" \"${PODS_ROOT}/Manifest.lock\" > /dev/null\nif [[ $? != 0 ]] ; then\n    cat << EOM\nerror: The sandbox is not in sync with the Podfile.lock. Run 'pod install' or update your CocoaPods installation.\nEOM\n    exit 1\nfi\n";
			showEnvVarsInLog = 0;
		};
		4811FBC43E8A63D4C70F6069 /* Embed Pods Frameworks */ = {
			isa = PBXShellScriptBuildPhase;
			buildActionMask = 2147483647;
			files = (
			);
			inputPaths = (
			);
			name = "Embed Pods Frameworks";
			outputPaths = (
			);
			runOnlyForDeploymentPostprocessing = 0;
			shellPath = /bin/sh;
			shellScript = "\"${SRCROOT}/Pods/Target Support Files/Pods/Pods-frameworks.sh\"\n";
			showEnvVarsInLog = 0;
		};
		6CE3827E3D143AC56798CDA4 /* Copy Pods Resources */ = {
			isa = PBXShellScriptBuildPhase;
			buildActionMask = 2147483647;
			files = (
			);
			inputPaths = (
			);
			name = "Copy Pods Resources";
			outputPaths = (
			);
			runOnlyForDeploymentPostprocessing = 0;
			shellPath = /bin/sh;
			shellScript = "\"${SRCROOT}/Pods/Target Support Files/Pods/Pods-resources.sh\"\n";
			showEnvVarsInLog = 0;
		};
/* End PBXShellScriptBuildPhase section */

/* Begin PBXSourcesBuildPhase section */
		5A20A50D1C0FF5D400BD896F /* Sources */ = {
			isa = PBXSourcesBuildPhase;
			buildActionMask = 2147483647;
			files = (
				9A2965C11C2FC10F00564317 /* MXMessageCenterViewController.m in Sources */,
				9ADC578D1C1D58F400E6CDBA /* MXAccount.m in Sources */,
				9ADC57801C1D482400E6CDBA /* MXHomeViewController.m in Sources */,
				9A2965D21C2FCA7700564317 /* MXProfileViewController.m in Sources */,
				9A8483761C2FABA70030E7A3 /* UIView+Extension.m in Sources */,
				9ADC57901C1D590800E6CDBA /* MXAccountTool.m in Sources */,
				9ADC57991C1D673A00E6CDBA /* MXNewfeatureViewController.m in Sources */,
				9ADC579F1C1D67C300E6CDBA /* MXNavigationController.m in Sources */,
				5A20A5161C0FF5D400BD896F /* main.m in Sources */,
				9ADC57931C1D668800E6CDBA /* UIWindow+Switch.m in Sources */,
				9ADC57891C1D53A900E6CDBA /* MXHttpTool.m in Sources */,
				9ADC577D1C1D475900E6CDBA /* MXAppDelegate.m in Sources */,
				9A2965CA1C2FCA5400564317 /* MXDiscoverViewController.m in Sources */,
				9A71E5581C2FB92F0079AFCA /* MXTabBar.m in Sources */,
				9ADC57831C1D488C00E6CDBA /* MXOAuthViewController.m in Sources */,
				9ADC579C1C1D67A600E6CDBA /* MXTabBarController.m in Sources */,
				9ADC57861C1D48BE00E6CDBA /* MXConst.m in Sources */,
				9A2965C51C2FCA3B00564317 /* MXComposeViewController.m in Sources */,
			);
			runOnlyForDeploymentPostprocessing = 0;
		};
/* End PBXSourcesBuildPhase section */

/* Begin PBXVariantGroup section */
		5A20A51D1C0FF5D400BD896F /* Main.storyboard */ = {
			isa = PBXVariantGroup;
			children = (
				5A20A51E1C0FF5D400BD896F /* Base */,
			);
			name = Main.storyboard;
			sourceTree = "<group>";
		};
		5A20A5221C0FF5D400BD896F /* LaunchScreen.storyboard */ = {
			isa = PBXVariantGroup;
			children = (
				5A20A5231C0FF5D400BD896F /* Base */,
			);
			name = LaunchScreen.storyboard;
			sourceTree = "<group>";
		};
/* End PBXVariantGroup section */

/* Begin XCBuildConfiguration section */
		5A20A5261C0FF5D400BD896F /* Debug */ = {
			isa = XCBuildConfiguration;
			buildSettings = {
				ALWAYS_SEARCH_USER_PATHS = NO;
				CLANG_CXX_LANGUAGE_STANDARD = "gnu++0x";
				CLANG_CXX_LIBRARY = "libc++";
				CLANG_ENABLE_MODULES = YES;
				CLANG_ENABLE_OBJC_ARC = YES;
				CLANG_WARN_BOOL_CONVERSION = YES;
				CLANG_WARN_CONSTANT_CONVERSION = YES;
				CLANG_WARN_DIRECT_OBJC_ISA_USAGE = YES_ERROR;
				CLANG_WARN_EMPTY_BODY = YES;
				CLANG_WARN_ENUM_CONVERSION = YES;
				CLANG_WARN_INT_CONVERSION = YES;
				CLANG_WARN_OBJC_ROOT_CLASS = YES_ERROR;
				CLANG_WARN_UNREACHABLE_CODE = YES;
				CLANG_WARN__DUPLICATE_METHOD_MATCH = YES;
				"CODE_SIGN_IDENTITY[sdk=iphoneos*]" = "iPhone Developer";
				COPY_PHASE_STRIP = NO;
				DEBUG_INFORMATION_FORMAT = dwarf;
				ENABLE_STRICT_OBJC_MSGSEND = YES;
				ENABLE_TESTABILITY = YES;
				GCC_C_LANGUAGE_STANDARD = gnu99;
				GCC_DYNAMIC_NO_PIC = NO;
				GCC_NO_COMMON_BLOCKS = YES;
				GCC_OPTIMIZATION_LEVEL = 0;
				GCC_PREPROCESSOR_DEFINITIONS = (
					"DEBUG=1",
					"$(inherited)",
				);
				GCC_WARN_64_TO_32_BIT_CONVERSION = YES;
				GCC_WARN_ABOUT_RETURN_TYPE = YES_ERROR;
				GCC_WARN_UNDECLARED_SELECTOR = YES;
				GCC_WARN_UNINITIALIZED_AUTOS = YES_AGGRESSIVE;
				GCC_WARN_UNUSED_FUNCTION = YES;
				GCC_WARN_UNUSED_VARIABLE = YES;
				IPHONEOS_DEPLOYMENT_TARGET = 9.0;
				MTL_ENABLE_DEBUG_INFO = YES;
				ONLY_ACTIVE_ARCH = YES;
				SDKROOT = iphoneos;
			};
			name = Debug;
		};
		5A20A5271C0FF5D400BD896F /* Release */ = {
			isa = XCBuildConfiguration;
			buildSettings = {
				ALWAYS_SEARCH_USER_PATHS = NO;
				CLANG_CXX_LANGUAGE_STANDARD = "gnu++0x";
				CLANG_CXX_LIBRARY = "libc++";
				CLANG_ENABLE_MODULES = YES;
				CLANG_ENABLE_OBJC_ARC = YES;
				CLANG_WARN_BOOL_CONVERSION = YES;
				CLANG_WARN_CONSTANT_CONVERSION = YES;
				CLANG_WARN_DIRECT_OBJC_ISA_USAGE = YES_ERROR;
				CLANG_WARN_EMPTY_BODY = YES;
				CLANG_WARN_ENUM_CONVERSION = YES;
				CLANG_WARN_INT_CONVERSION = YES;
				CLANG_WARN_OBJC_ROOT_CLASS = YES_ERROR;
				CLANG_WARN_UNREACHABLE_CODE = YES;
				CLANG_WARN__DUPLICATE_METHOD_MATCH = YES;
				"CODE_SIGN_IDENTITY[sdk=iphoneos*]" = "iPhone Developer";
				COPY_PHASE_STRIP = NO;
				DEBUG_INFORMATION_FORMAT = "dwarf-with-dsym";
				ENABLE_NS_ASSERTIONS = NO;
				ENABLE_STRICT_OBJC_MSGSEND = YES;
				GCC_C_LANGUAGE_STANDARD = gnu99;
				GCC_NO_COMMON_BLOCKS = YES;
				GCC_WARN_64_TO_32_BIT_CONVERSION = YES;
				GCC_WARN_ABOUT_RETURN_TYPE = YES_ERROR;
				GCC_WARN_UNDECLARED_SELECTOR = YES;
				GCC_WARN_UNINITIALIZED_AUTOS = YES_AGGRESSIVE;
				GCC_WARN_UNUSED_FUNCTION = YES;
				GCC_WARN_UNUSED_VARIABLE = YES;
				IPHONEOS_DEPLOYMENT_TARGET = 9.0;
				MTL_ENABLE_DEBUG_INFO = NO;
				SDKROOT = iphoneos;
				VALIDATE_PRODUCT = YES;
			};
			name = Release;
		};
		5A20A5291C0FF5D400BD896F /* Debug */ = {
			isa = XCBuildConfiguration;
			baseConfigurationReference = 5E2D85F2B818A5770795E485 /* Pods.debug.xcconfig */;
			buildSettings = {
				ASSETCATALOG_COMPILER_APPICON_NAME = AppIcon;
				INFOPLIST_FILE = MxWeibo/Info.plist;
				IPHONEOS_DEPLOYMENT_TARGET = 8.0;
				LD_RUNPATH_SEARCH_PATHS = "$(inherited) @executable_path/Frameworks";
				PRODUCT_BUNDLE_IDENTIFIER = com.vizz.MxWeibo;
				PRODUCT_NAME = "$(TARGET_NAME)";
			};
			name = Debug;
		};
		5A20A52A1C0FF5D400BD896F /* Release */ = {
			isa = XCBuildConfiguration;
			baseConfigurationReference = 9EAA62C7887C4F83A9BB6E14 /* Pods.release.xcconfig */;
			buildSettings = {
				ASSETCATALOG_COMPILER_APPICON_NAME = AppIcon;
				INFOPLIST_FILE = MxWeibo/Info.plist;
				IPHONEOS_DEPLOYMENT_TARGET = 8.0;
				LD_RUNPATH_SEARCH_PATHS = "$(inherited) @executable_path/Frameworks";
				PRODUCT_BUNDLE_IDENTIFIER = com.vizz.MxWeibo;
				PRODUCT_NAME = "$(TARGET_NAME)";
			};
			name = Release;
		};
/* End XCBuildConfiguration section */

/* Begin XCConfigurationList section */
		5A20A50C1C0FF5D400BD896F /* Build configuration list for PBXProject "MxWeibo" */ = {
			isa = XCConfigurationList;
			buildConfigurations = (
				5A20A5261C0FF5D400BD896F /* Debug */,
				5A20A5271C0FF5D400BD896F /* Release */,
			);
			defaultConfigurationIsVisible = 0;
			defaultConfigurationName = Release;
		};
		5A20A5281C0FF5D400BD896F /* Build configuration list for PBXNativeTarget "MxWeibo" */ = {
			isa = XCConfigurationList;
			buildConfigurations = (
				5A20A5291C0FF5D400BD896F /* Debug */,
				5A20A52A1C0FF5D400BD896F /* Release */,
			);
			defaultConfigurationIsVisible = 0;
			defaultConfigurationName = Release;
		};
/* End XCConfigurationList section */
	};
	rootObject = 5A20A5091C0FF5D400BD896F /* Project object */;
}
